PODS:
  - RxCocoa (6.1.0):
    - RxRelay (= 6.1.0)
    - RxSwift (= 6.1.0)
  - RxRelay (6.1.0):
    - RxSwift (= 6.1.0)
  - RxSwift (6.1.0)
  - SwiftLint (0.43.1)
  - SwipeTransition (0.4.3)
  - SwipeTransitionAutoSwipeBack (0.4.3):
    - SwipeTransition (~> 0.4.3)

DEPENDENCIES:
  - RxCocoa (= 6.1.0)
  - RxSwift (= 6.1.0)
  - SwiftLint
  - SwipeTransition
  - SwipeTransitionAutoSwipeBack

SPEC REPOS:
  trunk:
    - RxCocoa
    - RxRelay
    - RxSwift
    - SwiftLint
    - SwipeTransition
    - SwipeTransitionAutoSwipeBack

SPEC CHECKSUMS:
  RxCocoa: 5c51f02d562cbd94629f6c26cf0c80fe4ab8d343
  RxRelay: 483e1a19fad961b41f0b0c0bee506f46c1ae14fe
  RxSwift: a834e5c538e89eca0cae86f403f4fbf0336786ce
  SwiftLint: 99f82d07b837b942dd563c668de129a03fc3fb52
  SwipeTransition: 16257f6afc59a572e3b4635a329b10f7598ad269
  SwipeTransitionAutoSwipeBack: c3ec93a597b52e3d0e78f0d8f801867b514fb07b

PODFILE CHECKSUM: 56875117f56012710b94b009172e56797c0dadd1

COCOAPODS: 1.10.1
