PODS:
  - Alamofire (5.4.2)
  - RxAlamofire (6.1.1):
    - RxAlamofire/Core (= 6.1.1)
  - RxAlamofire/Core (6.1.1):
    - Alamofire (~> 5.4)
    - RxSwift (~> 6.0)
  - RxCocoa (6.1.0):
    - RxRelay (= 6.1.0)
    - RxSwift (= 6.1.0)
  - RxRelay (6.1.0):
    - RxSwift (= 6.1.0)
  - RxSwift (6.1.0)
  - SwiftGen (6.4.0)
  - SwiftLint (0.43.1)
  - SwipeTransition (0.4.3)
  - SwipeTransitionAutoSwipeBack (0.4.3):
    - SwipeTransition (~> 0.4.3)

DEPENDENCIES:
  - RxAlamofire
  - RxCocoa (= 6.1.0)
  - RxSwift (= 6.1.0)
  - SwiftGen
  - SwiftLint
  - SwipeTransition
  - SwipeTransitionAutoSwipeBack

SPEC REPOS:
  trunk:
    - Alamofire
    - RxAlamofire
    - RxCocoa
    - RxRelay
    - RxSwift
    - SwiftGen
    - SwiftLint
    - SwipeTransition
    - SwipeTransitionAutoSwipeBack

SPEC CHECKSUMS:
  Alamofire: bfbc4c2fe5909b1d94fb4ef2277c6b3727ef5dae
  RxAlamofire: beb75a1c452d0de225651db4903f5d29d034a620
  RxCocoa: 5c51f02d562cbd94629f6c26cf0c80fe4ab8d343
  RxRelay: 483e1a19fad961b41f0b0c0bee506f46c1ae14fe
  RxSwift: a834e5c538e89eca0cae86f403f4fbf0336786ce
  SwiftGen: 67860cc7c3cfc2ed25b9b74cfd55495fc89f9108
  SwiftLint: 99f82d07b837b942dd563c668de129a03fc3fb52
  SwipeTransition: 16257f6afc59a572e3b4635a329b10f7598ad269
  SwipeTransitionAutoSwipeBack: c3ec93a597b52e3d0e78f0d8f801867b514fb07b

PODFILE CHECKSUM: e3a50c4f1054e8aab0df81b36f696f85b68af71d

COCOAPODS: 1.10.1
